
Microsoft Visual Studio Solution File, Format Version 12.00
# Visual Studio Version 16
VisualStudioVersion = 16.0.30711.63
MinimumVisualStudioVersion = 10.0.40219.1
Project("{FAE04EC0-301F-11D3-BF4B-00C04F79EFBC}") = "ConsoleApp1", "ConsoleApp1.csproj", "{74E5B2A8-CDD8-453D-92D0-28066F1BD005}"
EndProject
Global
	GlobalSection(SolutionConfigurationPlatforms) = preSolution
		Debug|Any CPU = Debug|Any CPU
		Release|Any CPU = Release|Any CPU
	EndGlobalSection
	GlobalSection(ProjectConfigurationPlatforms) = postSolution
		{74E5B2A8-CDD8-453D-92D0-28066F1BD005}.Debug|Any CPU.ActiveCfg = Debug|Any CPU
		{74E5B2A8-CDD8-453D-92D0-28066F1BD005}.Debug|Any CPU.Build.0 = Debug|Any CPU
		{74E5B2A8-CDD8-453D-92D0-28066F1BD005}.Release|Any CPU.ActiveCfg = Release|Any CPU
		{74E5B2A8-CDD8-453D-92D0-28066F1BD005}.Release|Any CPU.Build.0 = Release|Any CPU
	EndGlobalSection
	GlobalSection(SolutionProperties) = preSolution
		HideSolutionNode = FALSE
	EndGlobalSection
	GlobalSection(ExtensibilityGlobals) = postSolution
		SolutionGuid = {DAF7A9B7-B184-4DCF-8B9B-F5B3FE63CFF9}
	EndGlobalSection
EndGlobal
